
Microsoft Visual Studio Solution File, Format Version 12.00
# Visual Studio Version 17
VisualStudioVersion = 17.4.33403.182
MinimumVisualStudioVersion = 10.0.40219.1
Project("{FAE04EC0-301F-11D3-BF4B-00C04F79EFBC}") = "AvailabilityGenerator.Sample", "AvailabilityGenerator.Sample\AvailabilityGenerator.Sample.csproj", "{182C7E89-BA37-48C4-9938-68F962F3BA6C}"
EndProject
Global
	GlobalSection(SolutionConfigurationPlatforms) = preSolution
		Debug|Any CPU = Debug|Any CPU
		Release|Any CPU = Release|Any CPU
	EndGlobalSection
	GlobalSection(ProjectConfigurationPlatforms) = postSolution
		{182C7E89-BA37-48C4-9938-68F962F3BA6C}.Debug|Any CPU.ActiveCfg = Debug|Any CPU
		{182C7E89-BA37-48C4-9938-68F962F3BA6C}.Debug|Any CPU.Build.0 = Debug|Any CPU
		{182C7E89-BA37-48C4-9938-68F962F3BA6C}.Release|Any CPU.ActiveCfg = Release|Any CPU
		{182C7E89-BA37-48C4-9938-68F962F3BA6C}.Release|Any CPU.Build.0 = Release|Any CPU
	EndGlobalSection
	GlobalSection(SolutionProperties) = preSolution
		HideSolutionNode = FALSE
	EndGlobalSection
	GlobalSection(ExtensibilityGlobals) = postSolution
		SolutionGuid = {BBB9ED89-7012-401C-B828-29C12457247F}
	EndGlobalSection
EndGlobal
